
Microsoft Visual Studio Solution File, Format Version 12.00
# Visual Studio Version 16
VisualStudioVersion = 16.0.30028.174
MinimumVisualStudioVersion = 10.0.40219.1
Project("{FAE04EC0-301F-11D3-BF4B-00C04F79EFBC}") = "AppMetricsTest", "AppMetricsTest.csproj", "{69EA1096-C474-4AB4-943E-2A6922F0822A}"
EndProject
Global
	GlobalSection(SolutionConfigurationPlatforms) = preSolution
		Debug|Any CPU = Debug|Any CPU
		Release|Any CPU = Release|Any CPU
	EndGlobalSection
	GlobalSection(ProjectConfigurationPlatforms) = postSolution
		{69EA1096-C474-4AB4-943E-2A6922F0822A}.Debug|Any CPU.ActiveCfg = Debug|Any CPU
		{69EA1096-C474-4AB4-943E-2A6922F0822A}.Debug|Any CPU.Build.0 = Debug|Any CPU
		{69EA1096-C474-4AB4-943E-2A6922F0822A}.Release|Any CPU.ActiveCfg = Release|Any CPU
		{69EA1096-C474-4AB4-943E-2A6922F0822A}.Release|Any CPU.Build.0 = Release|Any CPU
	EndGlobalSection
	GlobalSection(SolutionProperties) = preSolution
		HideSolutionNode = FALSE
	EndGlobalSection
	GlobalSection(ExtensibilityGlobals) = postSolution
		SolutionGuid = {D7AED354-F042-4F35-9015-C5BECB188749}
	EndGlobalSection
EndGlobal
